
Microsoft Visual Studio Solution File, Format Version 12.00
# Visual Studio Version 16
VisualStudioVersion = 16.0.30804.86
MinimumVisualStudioVersion = 10.0.40219.1
Project("{FAE04EC0-301F-11D3-BF4B-00C04F79EFBC}") = "FSWatch", "FSWatch.csproj", "{63AADC99-6C1E-4E76-AC7C-E368AFFCA720}"
EndProject
Global
	GlobalSection(SolutionConfigurationPlatforms) = preSolution
		Debug|Any CPU = Debug|Any CPU
		Release|Any CPU = Release|Any CPU
	EndGlobalSection
	GlobalSection(ProjectConfigurationPlatforms) = postSolution
		{63AADC99-6C1E-4E76-AC7C-E368AFFCA720}.Debug|Any CPU.ActiveCfg = Debug|Any CPU
		{63AADC99-6C1E-4E76-AC7C-E368AFFCA720}.Debug|Any CPU.Build.0 = Debug|Any CPU
		{63AADC99-6C1E-4E76-AC7C-E368AFFCA720}.Release|Any CPU.ActiveCfg = Release|Any CPU
		{63AADC99-6C1E-4E76-AC7C-E368AFFCA720}.Release|Any CPU.Build.0 = Release|Any CPU
	EndGlobalSection
	GlobalSection(SolutionProperties) = preSolution
		HideSolutionNode = FALSE
	EndGlobalSection
	GlobalSection(ExtensibilityGlobals) = postSolution
		SolutionGuid = {E379562D-70A8-4E86-97CC-AC013819424E}
	EndGlobalSection
EndGlobal
